// !$*UTF8*$!
{
	archiveVersion = 1;
	classes = {
	};
	objectVersion = 48;
	objects = {

/* Begin PBXBuildFile section */
		62C8F39C3F501FD8FF38FAAB /* Pods_GitProjectUITests.framework in Frameworks */ = {isa = PBXBuildFile; fileRef = 9D29DCBBBA18F677807D995C /* Pods_GitProjectUITests.framework */; };
		7722BA5DBA3760502E94E798 /* Pods_GitProject.framework in Frameworks */ = {isa = PBXBuildFile; fileRef = 382A88D3297F80C69D9CB79D /* Pods_GitProject.framework */; };
		809B25500F2FD0D89705A691 /* Pods_GitProjectTests.framework in Frameworks */ = {isa = PBXBuildFile; fileRef = 290A2B922978B992EF7E95F1 /* Pods_GitProjectTests.framework */; };
		CB20B6961FD25B7A007E0737 /* AppDelegate.swift in Sources */ = {isa = PBXBuildFile; fileRef = CB20B6951FD25B7A007E0737 /* AppDelegate.swift */; };
		CB20B69B1FD25B7A007E0737 /* Main.storyboard in Resources */ = {isa = PBXBuildFile; fileRef = CB20B6991FD25B7A007E0737 /* Main.storyboard */; };
		CB20B69D1FD25B7A007E0737 /* Assets.xcassets in Resources */ = {isa = PBXBuildFile; fileRef = CB20B69C1FD25B7A007E0737 /* Assets.xcassets */; };
		CB20B6A01FD25B7A007E0737 /* LaunchScreen.storyboard in Resources */ = {isa = PBXBuildFile; fileRef = CB20B69E1FD25B7A007E0737 /* LaunchScreen.storyboard */; };
		CB20B6AB1FD25B7A007E0737 /* GitProjectTests.swift in Sources */ = {isa = PBXBuildFile; fileRef = CB20B6AA1FD25B7A007E0737 /* GitProjectTests.swift */; };
		CB20B6B61FD25B7A007E0737 /* GitProjectUITests.swift in Sources */ = {isa = PBXBuildFile; fileRef = CB20B6B51FD25B7A007E0737 /* GitProjectUITests.swift */; };
		CB20B6CC1FD2647B007E0737 /* ChatVC.swift in Sources */ = {isa = PBXBuildFile; fileRef = CB20B6CB1FD2647B007E0737 /* ChatVC.swift */; };
		CB20B6CE1FD2648D007E0737 /* ChannelVC.swift in Sources */ = {isa = PBXBuildFile; fileRef = CB20B6CD1FD2648D007E0737 /* ChannelVC.swift */; };
		CB20B7271FD271C0007E0737 /* SWRevealViewController.m in Sources */ = {isa = PBXBuildFile; fileRef = CB20B7261FD271C0007E0737 /* SWRevealViewController.m */; };
		CB20B7291FD2767C007E0737 /* GradientView.swift in Sources */ = {isa = PBXBuildFile; fileRef = CB20B7281FD2767C007E0737 /* GradientView.swift */; };
		CBD930B61FF8CB9800B667EE /* AuthService.swift in Sources */ = {isa = PBXBuildFile; fileRef = CBD930B51FF8CB9800B667EE /* AuthService.swift */; };
		CBD930B81FFC085500B667EE /* RoundedButton.swift in Sources */ = {isa = PBXBuildFile; fileRef = CBD930B71FFC085500B667EE /* RoundedButton.swift */; };
		CBD930BA2003BACF00B667EE /* UserDataService.swift in Sources */ = {isa = PBXBuildFile; fileRef = CBD930B92003BACF00B667EE /* UserDataService.swift */; };
		CBD930BC2004056900B667EE /* AvatarPickerVC.swift in Sources */ = {isa = PBXBuildFile; fileRef = CBD930BB2004056900B667EE /* AvatarPickerVC.swift */; };
		CBD930BE2004089B00B667EE /* AvatarCell.swift in Sources */ = {isa = PBXBuildFile; fileRef = CBD930BD2004089B00B667EE /* AvatarCell.swift */; };
		CBE54EBC1FD6163600D4DA4E /* constants.swift in Sources */ = {isa = PBXBuildFile; fileRef = CBE54EBB1FD6163600D4DA4E /* constants.swift */; };
		CBE54EBE1FDA11BE00D4DA4E /* LoginVC.swift in Sources */ = {isa = PBXBuildFile; fileRef = CBE54EBD1FDA11BE00D4DA4E /* LoginVC.swift */; };
		CBE54EC01FDA138900D4DA4E /* CreateAccountVC.swift in Sources */ = {isa = PBXBuildFile; fileRef = CBE54EBF1FDA138900D4DA4E /* CreateAccountVC.swift */; };
/* End PBXBuildFile section */

/* Begin PBXContainerItemProxy section */
		CB20B6A71FD25B7A007E0737 /* PBXContainerItemProxy */ = {
			isa = PBXContainerItemProxy;
			containerPortal = CB20B68A1FD25B7A007E0737 /* Project object */;
			proxyType = 1;
			remoteGlobalIDString = CB20B6911FD25B7A007E0737;
			remoteInfo = GitProject;
		};
		CB20B6B21FD25B7A007E0737 /* PBXContainerItemProxy */ = {
			isa = PBXContainerItemProxy;
			containerPortal = CB20B68A1FD25B7A007E0737 /* Project object */;
			proxyType = 1;
			remoteGlobalIDString = CB20B6911FD25B7A007E0737;
			remoteInfo = GitProject;
		};
/* End PBXContainerItemProxy section */

/* Begin PBXFileReference section */
		0E6DAA343E562F6F252FA3B2 /* Pods-GitProject.debug.xcconfig */ = {isa = PBXFileReference; includeInIndex = 1; lastKnownFileType = text.xcconfig; name = "Pods-GitProject.debug.xcconfig"; path = "Pods/Target Support Files/Pods-GitProject/Pods-GitProject.debug.xcconfig"; sourceTree = "<group>"; };
		290A2B922978B992EF7E95F1 /* Pods_GitProjectTests.framework */ = {isa = PBXFileReference; explicitFileType = wrapper.framework; includeInIndex = 0; path = Pods_GitProjectTests.framework; sourceTree = BUILT_PRODUCTS_DIR; };
		382A88D3297F80C69D9CB79D /* Pods_GitProject.framework */ = {isa = PBXFileReference; explicitFileType = wrapper.framework; includeInIndex = 0; path = Pods_GitProject.framework; sourceTree = BUILT_PRODUCTS_DIR; };
		3C33F2FF35E79D32C6977771 /* Pods-GitProjectUITests.release.xcconfig */ = {isa = PBXFileReference; includeInIndex = 1; lastKnownFileType = text.xcconfig; name = "Pods-GitProjectUITests.release.xcconfig"; path = "Pods/Target Support Files/Pods-GitProjectUITests/Pods-GitProjectUITests.release.xcconfig"; sourceTree = "<group>"; };
		483BCB356F14A72B9D49F114 /* Pods-GitProjectTests.release.xcconfig */ = {isa = PBXFileReference; includeInIndex = 1; lastKnownFileType = text.xcconfig; name = "Pods-GitProjectTests.release.xcconfig"; path = "Pods/Target Support Files/Pods-GitProjectTests/Pods-GitProjectTests.release.xcconfig"; sourceTree = "<group>"; };
		8F6C335040FEEF046F47DDB1 /* Pods-GitProject.release.xcconfig */ = {isa = PBXFileReference; includeInIndex = 1; lastKnownFileType = text.xcconfig; name = "Pods-GitProject.release.xcconfig"; path = "Pods/Target Support Files/Pods-GitProject/Pods-GitProject.release.xcconfig"; sourceTree = "<group>"; };
		981199D62EA99D70B0DCC2DD /* Pods-GitProjectUITests.debug.xcconfig */ = {isa = PBXFileReference; includeInIndex = 1; lastKnownFileType = text.xcconfig; name = "Pods-GitProjectUITests.debug.xcconfig"; path = "Pods/Target Support Files/Pods-GitProjectUITests/Pods-GitProjectUITests.debug.xcconfig"; sourceTree = "<group>"; };
		9D29DCBBBA18F677807D995C /* Pods_GitProjectUITests.framework */ = {isa = PBXFileReference; explicitFileType = wrapper.framework; includeInIndex = 0; path = Pods_GitProjectUITests.framework; sourceTree = BUILT_PRODUCTS_DIR; };
		BB2305B0D87085CD6F4ED170 /* Pods-GitProjectTests.debug.xcconfig */ = {isa = PBXFileReference; includeInIndex = 1; lastKnownFileType = text.xcconfig; name = "Pods-GitProjectTests.debug.xcconfig"; path = "Pods/Target Support Files/Pods-GitProjectTests/Pods-GitProjectTests.debug.xcconfig"; sourceTree = "<group>"; };
		CB20B6921FD25B7A007E0737 /* GitProject.app */ = {isa = PBXFileReference; explicitFileType = wrapper.application; includeInIndex = 0; path = GitProject.app; sourceTree = BUILT_PRODUCTS_DIR; };
		CB20B6951FD25B7A007E0737 /* AppDelegate.swift */ = {isa = PBXFileReference; lastKnownFileType = sourcecode.swift; path = AppDelegate.swift; sourceTree = "<group>"; };
		CB20B69A1FD25B7A007E0737 /* Base */ = {isa = PBXFileReference; lastKnownFileType = file.storyboard; name = Base; path = Base.lproj/Main.storyboard; sourceTree = "<group>"; };
		CB20B69C1FD25B7A007E0737 /* Assets.xcassets */ = {isa = PBXFileReference; lastKnownFileType = folder.assetcatalog; path = Assets.xcassets; sourceTree = "<group>"; };
		CB20B69F1FD25B7A007E0737 /* Base */ = {isa = PBXFileReference; lastKnownFileType = file.storyboard; name = Base; path = Base.lproj/LaunchScreen.storyboard; sourceTree = "<group>"; };
		CB20B6A11FD25B7A007E0737 /* Info.plist */ = {isa = PBXFileReference; lastKnownFileType = text.plist.xml; path = Info.plist; sourceTree = "<group>"; };
		CB20B6A61FD25B7A007E0737 /* GitProjectTests.xctest */ = {isa = PBXFileReference; explicitFileType = wrapper.cfbundle; includeInIndex = 0; path = GitProjectTests.xctest; sourceTree = BUILT_PRODUCTS_DIR; };
		CB20B6AA1FD25B7A007E0737 /* GitProjectTests.swift */ = {isa = PBXFileReference; lastKnownFileType = sourcecode.swift; path = GitProjectTests.swift; sourceTree = "<group>"; };
		CB20B6AC1FD25B7A007E0737 /* Info.plist */ = {isa = PBXFileReference; lastKnownFileType = text.plist.xml; path = Info.plist; sourceTree = "<group>"; };
		CB20B6B11FD25B7A007E0737 /* GitProjectUITests.xctest */ = {isa = PBXFileReference; explicitFileType = wrapper.cfbundle; includeInIndex = 0; path = GitProjectUITests.xctest; sourceTree = BUILT_PRODUCTS_DIR; };
		CB20B6B51FD25B7A007E0737 /* GitProjectUITests.swift */ = {isa = PBXFileReference; lastKnownFileType = sourcecode.swift; path = GitProjectUITests.swift; sourceTree = "<group>"; };
		CB20B6B71FD25B7B007E0737 /* Info.plist */ = {isa = PBXFileReference; lastKnownFileType = text.plist.xml; path = Info.plist; sourceTree = "<group>"; };
		CB20B6CB1FD2647B007E0737 /* ChatVC.swift */ = {isa = PBXFileReference; lastKnownFileType = sourcecode.swift; path = ChatVC.swift; sourceTree = "<group>"; };
		CB20B6CD1FD2648D007E0737 /* ChannelVC.swift */ = {isa = PBXFileReference; lastKnownFileType = sourcecode.swift; path = ChannelVC.swift; sourceTree = "<group>"; };
		CB20B7241FD271BE007E0737 /* GitProject-Bridging-Header.h */ = {isa = PBXFileReference; lastKnownFileType = sourcecode.c.h; path = "GitProject-Bridging-Header.h"; sourceTree = "<group>"; };
		CB20B7251FD271C0007E0737 /* SWRevealViewController.h */ = {isa = PBXFileReference; fileEncoding = 4; lastKnownFileType = sourcecode.c.h; path = SWRevealViewController.h; sourceTree = "<group>"; };
		CB20B7261FD271C0007E0737 /* SWRevealViewController.m */ = {isa = PBXFileReference; fileEncoding = 4; lastKnownFileType = sourcecode.c.objc; path = SWRevealViewController.m; sourceTree = "<group>"; };
		CB20B7281FD2767C007E0737 /* GradientView.swift */ = {isa = PBXFileReference; lastKnownFileType = sourcecode.swift; path = GradientView.swift; sourceTree = "<group>"; };
		CBD930B51FF8CB9800B667EE /* AuthService.swift */ = {isa = PBXFileReference; lastKnownFileType = sourcecode.swift; path = AuthService.swift; sourceTree = "<group>"; };
		CBD930B71FFC085500B667EE /* RoundedButton.swift */ = {isa = PBXFileReference; lastKnownFileType = sourcecode.swift; path = RoundedButton.swift; sourceTree = "<group>"; };
		CBD930B92003BACF00B667EE /* UserDataService.swift */ = {isa = PBXFileReference; lastKnownFileType = sourcecode.swift; path = UserDataService.swift; sourceTree = "<group>"; };
		CBD930BB2004056900B667EE /* AvatarPickerVC.swift */ = {isa = PBXFileReference; lastKnownFileType = sourcecode.swift; path = AvatarPickerVC.swift; sourceTree = "<group>"; };
		CBD930BD2004089B00B667EE /* AvatarCell.swift */ = {isa = PBXFileReference; lastKnownFileType = sourcecode.swift; path = AvatarCell.swift; sourceTree = "<group>"; };
		CBE54EBB1FD6163600D4DA4E /* constants.swift */ = {isa = PBXFileReference; lastKnownFileType = sourcecode.swift; path = constants.swift; sourceTree = "<group>"; };
		CBE54EBD1FDA11BE00D4DA4E /* LoginVC.swift */ = {isa = PBXFileReference; lastKnownFileType = sourcecode.swift; path = LoginVC.swift; sourceTree = "<group>"; };
		CBE54EBF1FDA138900D4DA4E /* CreateAccountVC.swift */ = {isa = PBXFileReference; lastKnownFileType = sourcecode.swift; path = CreateAccountVC.swift; sourceTree = "<group>"; };
/* End PBXFileReference section */

/* Begin PBXFrameworksBuildPhase section */
		CB20B68F1FD25B7A007E0737 /* Frameworks */ = {
			isa = PBXFrameworksBuildPhase;
			buildActionMask = 2147483647;
			files = (
				7722BA5DBA3760502E94E798 /* Pods_GitProject.framework in Frameworks */,
			);
			runOnlyForDeploymentPostprocessing = 0;
		};
		CB20B6A31FD25B7A007E0737 /* Frameworks */ = {
			isa = PBXFrameworksBuildPhase;
			buildActionMask = 2147483647;
			files = (
				809B25500F2FD0D89705A691 /* Pods_GitProjectTests.framework in Frameworks */,
			);
			runOnlyForDeploymentPostprocessing = 0;
		};
		CB20B6AE1FD25B7A007E0737 /* Frameworks */ = {
			isa = PBXFrameworksBuildPhase;
			buildActionMask = 2147483647;
			files = (
				62C8F39C3F501FD8FF38FAAB /* Pods_GitProjectUITests.framework in Frameworks */,
			);
			runOnlyForDeploymentPostprocessing = 0;
		};
/* End PBXFrameworksBuildPhase section */

/* Begin PBXGroup section */
		AB15083B661946023829047B /* Frameworks */ = {
			isa = PBXGroup;
			children = (
				382A88D3297F80C69D9CB79D /* Pods_GitProject.framework */,
				290A2B922978B992EF7E95F1 /* Pods_GitProjectTests.framework */,
				9D29DCBBBA18F677807D995C /* Pods_GitProjectUITests.framework */,
			);
			name = Frameworks;
			sourceTree = "<group>";
		};
		CB20B6891FD25B7A007E0737 = {
			isa = PBXGroup;
			children = (
				CB20B6941FD25B7A007E0737 /* GitProject */,
				CB20B6A91FD25B7A007E0737 /* GitProjectTests */,
				CB20B6B41FD25B7A007E0737 /* GitProjectUITests */,
				CB20B6931FD25B7A007E0737 /* Products */,
				DCC0E2708FD2BAA4DDD6869B /* Pods */,
				AB15083B661946023829047B /* Frameworks */,
			);
			sourceTree = "<group>";
		};
		CB20B6931FD25B7A007E0737 /* Products */ = {
			isa = PBXGroup;
			children = (
				CB20B6921FD25B7A007E0737 /* GitProject.app */,
				CB20B6A61FD25B7A007E0737 /* GitProjectTests.xctest */,
				CB20B6B11FD25B7A007E0737 /* GitProjectUITests.xctest */,
			);
			name = Products;
			sourceTree = "<group>";
		};
		CB20B6941FD25B7A007E0737 /* GitProject */ = {
			isa = PBXGroup;
			children = (
				CBD930B41FF8CB6E00B667EE /* Services */,
				CBE54EBA1FD6161300D4DA4E /* Utilities */,
				CB20B7231FD271AC007E0737 /* Support Files */,
				CB20B6CA1FD26445007E0737 /* Model */,
				CB20B6C91FD2643D007E0737 /* View */,
				CB20B6C81FD26434007E0737 /* Controller */,
				CB20B6991FD25B7A007E0737 /* Main.storyboard */,
				CB20B6951FD25B7A007E0737 /* AppDelegate.swift */,
				CB20B69C1FD25B7A007E0737 /* Assets.xcassets */,
				CB20B69E1FD25B7A007E0737 /* LaunchScreen.storyboard */,
				CB20B6A11FD25B7A007E0737 /* Info.plist */,
			);
			path = GitProject;
			sourceTree = "<group>";
		};
		CB20B6A91FD25B7A007E0737 /* GitProjectTests */ = {
			isa = PBXGroup;
			children = (
				CB20B6AA1FD25B7A007E0737 /* GitProjectTests.swift */,
				CB20B6AC1FD25B7A007E0737 /* Info.plist */,
			);
			path = GitProjectTests;
			sourceTree = "<group>";
		};
		CB20B6B41FD25B7A007E0737 /* GitProjectUITests */ = {
			isa = PBXGroup;
			children = (
				CB20B6B51FD25B7A007E0737 /* GitProjectUITests.swift */,
				CB20B6B71FD25B7B007E0737 /* Info.plist */,
			);
			path = GitProjectUITests;
			sourceTree = "<group>";
		};
		CB20B6C81FD26434007E0737 /* Controller */ = {
			isa = PBXGroup;
			children = (
				CB20B6CB1FD2647B007E0737 /* ChatVC.swift */,
				CB20B6CD1FD2648D007E0737 /* ChannelVC.swift */,
				CBE54EBD1FDA11BE00D4DA4E /* LoginVC.swift */,
				CBE54EBF1FDA138900D4DA4E /* CreateAccountVC.swift */,
				CBD930BB2004056900B667EE /* AvatarPickerVC.swift */,
			);
			path = Controller;
			sourceTree = "<group>";
		};
		CB20B6C91FD2643D007E0737 /* View */ = {
			isa = PBXGroup;
			children = (
				CB20B7281FD2767C007E0737 /* GradientView.swift */,
				CBD930B71FFC085500B667EE /* RoundedButton.swift */,
				CBD930BD2004089B00B667EE /* AvatarCell.swift */,
			);
			path = View;
			sourceTree = "<group>";
		};
		CB20B6CA1FD26445007E0737 /* Model */ = {
			isa = PBXGroup;
			children = (
			);
			path = Model;
			sourceTree = "<group>";
		};
		CB20B7231FD271AC007E0737 /* Support Files */ = {
			isa = PBXGroup;
			children = (
				CB20B7251FD271C0007E0737 /* SWRevealViewController.h */,
				CB20B7261FD271C0007E0737 /* SWRevealViewController.m */,
				CB20B7241FD271BE007E0737 /* GitProject-Bridging-Header.h */,
			);
			path = "Support Files";
			sourceTree = "<group>";
		};
		CBD930B41FF8CB6E00B667EE /* Services */ = {
			isa = PBXGroup;
			children = (
				CBD930B51FF8CB9800B667EE /* AuthService.swift */,
				CBD930B92003BACF00B667EE /* UserDataService.swift */,
			);
			path = Services;
			sourceTree = "<group>";
		};
		CBE54EBA1FD6161300D4DA4E /* Utilities */ = {
			isa = PBXGroup;
			children = (
				CBE54EBB1FD6163600D4DA4E /* constants.swift */,
			);
			path = Utilities;
			sourceTree = "<group>";
		};
		DCC0E2708FD2BAA4DDD6869B /* Pods */ = {
			isa = PBXGroup;
			children = (
				0E6DAA343E562F6F252FA3B2 /* Pods-GitProject.debug.xcconfig */,
				8F6C335040FEEF046F47DDB1 /* Pods-GitProject.release.xcconfig */,
				BB2305B0D87085CD6F4ED170 /* Pods-GitProjectTests.debug.xcconfig */,
				483BCB356F14A72B9D49F114 /* Pods-GitProjectTests.release.xcconfig */,
				981199D62EA99D70B0DCC2DD /* Pods-GitProjectUITests.debug.xcconfig */,
				3C33F2FF35E79D32C6977771 /* Pods-GitProjectUITests.release.xcconfig */,
			);
			name = Pods;
			sourceTree = "<group>";
		};
/* End PBXGroup section */

/* Begin PBXNativeTarget section */
		CB20B6911FD25B7A007E0737 /* GitProject */ = {
			isa = PBXNativeTarget;
			buildConfigurationList = CB20B6BA1FD25B7B007E0737 /* Build configuration list for PBXNativeTarget "GitProject" */;
			buildPhases = (
				C557B84C2ADA346A2D0835EF /* [CP] Check Pods Manifest.lock */,
				CB20B68E1FD25B7A007E0737 /* Sources */,
				CB20B68F1FD25B7A007E0737 /* Frameworks */,
				CB20B6901FD25B7A007E0737 /* Resources */,
				56B99848B65BE1CBF149D045 /* [CP] Embed Pods Frameworks */,
				B5023307664AD258341D1A07 /* [CP] Copy Pods Resources */,
			);
			buildRules = (
			);
			dependencies = (
			);
			name = GitProject;
			productName = GitProject;
			productReference = CB20B6921FD25B7A007E0737 /* GitProject.app */;
			productType = "com.apple.product-type.application";
		};
		CB20B6A51FD25B7A007E0737 /* GitProjectTests */ = {
			isa = PBXNativeTarget;
			buildConfigurationList = CB20B6BD1FD25B7B007E0737 /* Build configuration list for PBXNativeTarget "GitProjectTests" */;
			buildPhases = (
				500C35DAFA50BEAFC0F24C44 /* [CP] Check Pods Manifest.lock */,
				CB20B6A21FD25B7A007E0737 /* Sources */,
				CB20B6A31FD25B7A007E0737 /* Frameworks */,
				CB20B6A41FD25B7A007E0737 /* Resources */,
				76DE97988790FAB53C092401 /* [CP] Embed Pods Frameworks */,
				984FF7594060BEE1B218267C /* [CP] Copy Pods Resources */,
			);
			buildRules = (
			);
			dependencies = (
				CB20B6A81FD25B7A007E0737 /* PBXTargetDependency */,
			);
			name = GitProjectTests;
			productName = GitProjectTests;
			productReference = CB20B6A61FD25B7A007E0737 /* GitProjectTests.xctest */;
			productType = "com.apple.product-type.bundle.unit-test";
		};
		CB20B6B01FD25B7A007E0737 /* GitProjectUITests */ = {
			isa = PBXNativeTarget;
			buildConfigurationList = CB20B6C01FD25B7B007E0737 /* Build configuration list for PBXNativeTarget "GitProjectUITests" */;
			buildPhases = (
				4608392658DAFE134DA107C5 /* [CP] Check Pods Manifest.lock */,
				CB20B6AD1FD25B7A007E0737 /* Sources */,
				CB20B6AE1FD25B7A007E0737 /* Frameworks */,
				CB20B6AF1FD25B7A007E0737 /* Resources */,
				26287AC1254FF23CA68AED49 /* [CP] Embed Pods Frameworks */,
				017EE0244FC0E0A2C4C850A6 /* [CP] Copy Pods Resources */,
			);
			buildRules = (
			);
			dependencies = (
				CB20B6B31FD25B7A007E0737 /* PBXTargetDependency */,
			);
			name = GitProjectUITests;
			productName = GitProjectUITests;
			productReference = CB20B6B11FD25B7A007E0737 /* GitProjectUITests.xctest */;
			productType = "com.apple.product-type.bundle.ui-testing";
		};
/* End PBXNativeTarget section */

/* Begin PBXProject section */
		CB20B68A1FD25B7A007E0737 /* Project object */ = {
			isa = PBXProject;
			attributes = {
				LastSwiftUpdateCheck = 0910;
				LastUpgradeCheck = 0910;
				ORGANIZATIONNAME = "Nirha Patel";
				TargetAttributes = {
					CB20B6911FD25B7A007E0737 = {
						CreatedOnToolsVersion = 9.1;
						LastSwiftMigration = 0910;
						ProvisioningStyle = Automatic;
					};
					CB20B6A51FD25B7A007E0737 = {
						CreatedOnToolsVersion = 9.1;
						ProvisioningStyle = Automatic;
						TestTargetID = CB20B6911FD25B7A007E0737;
					};
					CB20B6B01FD25B7A007E0737 = {
						CreatedOnToolsVersion = 9.1;
						ProvisioningStyle = Automatic;
						TestTargetID = CB20B6911FD25B7A007E0737;
					};
				};
			};
			buildConfigurationList = CB20B68D1FD25B7A007E0737 /* Build configuration list for PBXProject "GitProject" */;
			compatibilityVersion = "Xcode 8.0";
			developmentRegion = en;
			hasScannedForEncodings = 0;
			knownRegions = (
				en,
				Base,
			);
			mainGroup = CB20B6891FD25B7A007E0737;
			productRefGroup = CB20B6931FD25B7A007E0737 /* Products */;
			projectDirPath = "";
			projectRoot = "";
			targets = (
				CB20B6911FD25B7A007E0737 /* GitProject */,
				CB20B6A51FD25B7A007E0737 /* GitProjectTests */,
				CB20B6B01FD25B7A007E0737 /* GitProjectUITests */,
			);
		};
/* End PBXProject section */

/* Begin PBXResourcesBuildPhase section */
		CB20B6901FD25B7A007E0737 /* Resources */ = {
			isa = PBXResourcesBuildPhase;
			buildActionMask = 2147483647;
			files = (
				CB20B6A01FD25B7A007E0737 /* LaunchScreen.storyboard in Resources */,
				CB20B69D1FD25B7A007E0737 /* Assets.xcassets in Resources */,
				CB20B69B1FD25B7A007E0737 /* Main.storyboard in Resources */,
			);
			runOnlyForDeploymentPostprocessing = 0;
		};
		CB20B6A41FD25B7A007E0737 /* Resources */ = {
			isa = PBXResourcesBuildPhase;
			buildActionMask = 2147483647;
			files = (
			);
			runOnlyForDeploymentPostprocessing = 0;
		};
		CB20B6AF1FD25B7A007E0737 /* Resources */ = {
			isa = PBXResourcesBuildPhase;
			buildActionMask = 2147483647;
			files = (
			);
			runOnlyForDeploymentPostprocessing = 0;
		};
/* End PBXResourcesBuildPhase section */

/* Begin PBXShellScriptBuildPhase section */
		017EE0244FC0E0A2C4C850A6 /* [CP] Copy Pods Resources */ = {
			isa = PBXShellScriptBuildPhase;
			buildActionMask = 2147483647;
			files = (
			);
			inputPaths = (
			);
			name = "[CP] Copy Pods Resources";
			outputPaths = (
			);
			runOnlyForDeploymentPostprocessing = 0;
			shellPath = /bin/sh;
			shellScript = "\"${SRCROOT}/Pods/Target Support Files/Pods-GitProjectUITests/Pods-GitProjectUITests-resources.sh\"\n";
			showEnvVarsInLog = 0;
		};
		26287AC1254FF23CA68AED49 /* [CP] Embed Pods Frameworks */ = {
			isa = PBXShellScriptBuildPhase;
			buildActionMask = 2147483647;
			files = (
			);
			inputPaths = (
			);
			name = "[CP] Embed Pods Frameworks";
			outputPaths = (
			);
			runOnlyForDeploymentPostprocessing = 0;
			shellPath = /bin/sh;
			shellScript = "\"${SRCROOT}/Pods/Target Support Files/Pods-GitProjectUITests/Pods-GitProjectUITests-frameworks.sh\"\n";
			showEnvVarsInLog = 0;
		};
		4608392658DAFE134DA107C5 /* [CP] Check Pods Manifest.lock */ = {
			isa = PBXShellScriptBuildPhase;
			buildActionMask = 2147483647;
			files = (
			);
			inputPaths = (
			);
			name = "[CP] Check Pods Manifest.lock";
			outputPaths = (
			);
			runOnlyForDeploymentPostprocessing = 0;
			shellPath = /bin/sh;
			shellScript = "diff \"${PODS_ROOT}/../Podfile.lock\" \"${PODS_ROOT}/Manifest.lock\" > /dev/null\nif [ $? != 0 ] ; then\n    # print error to STDERR\n    echo \"error: The sandbox is not in sync with the Podfile.lock. Run 'pod install' or update your CocoaPods installation.\" >&2\n    exit 1\nfi\n";
			showEnvVarsInLog = 0;
		};
		500C35DAFA50BEAFC0F24C44 /* [CP] Check Pods Manifest.lock */ = {
			isa = PBXShellScriptBuildPhase;
			buildActionMask = 2147483647;
			files = (
			);
			inputPaths = (
			);
			name = "[CP] Check Pods Manifest.lock";
			outputPaths = (
			);
			runOnlyForDeploymentPostprocessing = 0;
			shellPath = /bin/sh;
			shellScript = "diff \"${PODS_ROOT}/../Podfile.lock\" \"${PODS_ROOT}/Manifest.lock\" > /dev/null\nif [ $? != 0 ] ; then\n    # print error to STDERR\n    echo \"error: The sandbox is not in sync with the Podfile.lock. Run 'pod install' or update your CocoaPods installation.\" >&2\n    exit 1\nfi\n";
			showEnvVarsInLog = 0;
		};
		56B99848B65BE1CBF149D045 /* [CP] Embed Pods Frameworks */ = {
			isa = PBXShellScriptBuildPhase;
			buildActionMask = 2147483647;
			files = (
			);
			inputPaths = (
			);
			name = "[CP] Embed Pods Frameworks";
			outputPaths = (
			);
			runOnlyForDeploymentPostprocessing = 0;
			shellPath = /bin/sh;
			shellScript = "\"${SRCROOT}/Pods/Target Support Files/Pods-GitProject/Pods-GitProject-frameworks.sh\"\n";
			showEnvVarsInLog = 0;
		};
		76DE97988790FAB53C092401 /* [CP] Embed Pods Frameworks */ = {
			isa = PBXShellScriptBuildPhase;
			buildActionMask = 2147483647;
			files = (
			);
			inputPaths = (
			);
			name = "[CP] Embed Pods Frameworks";
			outputPaths = (
			);
			runOnlyForDeploymentPostprocessing = 0;
			shellPath = /bin/sh;
			shellScript = "\"${SRCROOT}/Pods/Target Support Files/Pods-GitProjectTests/Pods-GitProjectTests-frameworks.sh\"\n";
			showEnvVarsInLog = 0;
		};
		984FF7594060BEE1B218267C /* [CP] Copy Pods Resources */ = {
			isa = PBXShellScriptBuildPhase;
			buildActionMask = 2147483647;
			files = (
			);
			inputPaths = (
			);
			name = "[CP] Copy Pods Resources";
			outputPaths = (
			);
			runOnlyForDeploymentPostprocessing = 0;
			shellPath = /bin/sh;
			shellScript = "\"${SRCROOT}/Pods/Target Support Files/Pods-GitProjectTests/Pods-GitProjectTests-resources.sh\"\n";
			showEnvVarsInLog = 0;
		};
		B5023307664AD258341D1A07 /* [CP] Copy Pods Resources */ = {
			isa = PBXShellScriptBuildPhase;
			buildActionMask = 2147483647;
			files = (
			);
			inputPaths = (
			);
			name = "[CP] Copy Pods Resources";
			outputPaths = (
			);
			runOnlyForDeploymentPostprocessing = 0;
			shellPath = /bin/sh;
			shellScript = "\"${SRCROOT}/Pods/Target Support Files/Pods-GitProject/Pods-GitProject-resources.sh\"\n";
			showEnvVarsInLog = 0;
		};
		C557B84C2ADA346A2D0835EF /* [CP] Check Pods Manifest.lock */ = {
			isa = PBXShellScriptBuildPhase;
			buildActionMask = 2147483647;
			files = (
			);
			inputPaths = (
			);
			name = "[CP] Check Pods Manifest.lock";
			outputPaths = (
			);
			runOnlyForDeploymentPostprocessing = 0;
			shellPath = /bin/sh;
			shellScript = "diff \"${PODS_ROOT}/../Podfile.lock\" \"${PODS_ROOT}/Manifest.lock\" > /dev/null\nif [ $? != 0 ] ; then\n    # print error to STDERR\n    echo \"error: The sandbox is not in sync with the Podfile.lock. Run 'pod install' or update your CocoaPods installation.\" >&2\n    exit 1\nfi\n";
			showEnvVarsInLog = 0;
		};
/* End PBXShellScriptBuildPhase section */

/* Begin PBXSourcesBuildPhase section */
		CB20B68E1FD25B7A007E0737 /* Sources */ = {
			isa = PBXSourcesBuildPhase;
			buildActionMask = 2147483647;
			files = (
				CB20B6CE1FD2648D007E0737 /* ChannelVC.swift in Sources */,
				CBD930BC2004056900B667EE /* AvatarPickerVC.swift in Sources */,
				CBD930B81FFC085500B667EE /* RoundedButton.swift in Sources */,
				CB20B6CC1FD2647B007E0737 /* ChatVC.swift in Sources */,
				CBD930BA2003BACF00B667EE /* UserDataService.swift in Sources */,
				CBE54EC01FDA138900D4DA4E /* CreateAccountVC.swift in Sources */,
				CBD930B61FF8CB9800B667EE /* AuthService.swift in Sources */,
				CBE54EBE1FDA11BE00D4DA4E /* LoginVC.swift in Sources */,
				CB20B7291FD2767C007E0737 /* GradientView.swift in Sources */,
				CBD930BE2004089B00B667EE /* AvatarCell.swift in Sources */,
				CB20B6961FD25B7A007E0737 /* AppDelegate.swift in Sources */,
				CB20B7271FD271C0007E0737 /* SWRevealViewController.m in Sources */,
				CBE54EBC1FD6163600D4DA4E /* constants.swift in Sources */,
			);
			runOnlyForDeploymentPostprocessing = 0;
		};
		CB20B6A21FD25B7A007E0737 /* Sources */ = {
			isa = PBXSourcesBuildPhase;
			buildActionMask = 2147483647;
			files = (
				CB20B6AB1FD25B7A007E0737 /* GitProjectTests.swift in Sources */,
			);
			runOnlyForDeploymentPostprocessing = 0;
		};
		CB20B6AD1FD25B7A007E0737 /* Sources */ = {
			isa = PBXSourcesBuildPhase;
			buildActionMask = 2147483647;
			files = (
				CB20B6B61FD25B7A007E0737 /* GitProjectUITests.swift in Sources */,
			);
			runOnlyForDeploymentPostprocessing = 0;
		};
/* End PBXSourcesBuildPhase section */

/* Begin PBXTargetDependency section */
		CB20B6A81FD25B7A007E0737 /* PBXTargetDependency */ = {
			isa = PBXTargetDependency;
			target = CB20B6911FD25B7A007E0737 /* GitProject */;
			targetProxy = CB20B6A71FD25B7A007E0737 /* PBXContainerItemProxy */;
		};
		CB20B6B31FD25B7A007E0737 /* PBXTargetDependency */ = {
			isa = PBXTargetDependency;
			target = CB20B6911FD25B7A007E0737 /* GitProject */;
			targetProxy = CB20B6B21FD25B7A007E0737 /* PBXContainerItemProxy */;
		};
/* End PBXTargetDependency section */

/* Begin PBXVariantGroup section */
		CB20B6991FD25B7A007E0737 /* Main.storyboard */ = {
			isa = PBXVariantGroup;
			children = (
				CB20B69A1FD25B7A007E0737 /* Base */,
			);
			name = Main.storyboard;
			sourceTree = "<group>";
		};
		CB20B69E1FD25B7A007E0737 /* LaunchScreen.storyboard */ = {
			isa = PBXVariantGroup;
			children = (
				CB20B69F1FD25B7A007E0737 /* Base */,
			);
			name = LaunchScreen.storyboard;
			sourceTree = "<group>";
		};
/* End PBXVariantGroup section */

/* Begin XCBuildConfiguration section */
		CB20B6B81FD25B7B007E0737 /* Debug */ = {
			isa = XCBuildConfiguration;
			buildSettings = {
				ALWAYS_SEARCH_USER_PATHS = NO;
				CLANG_ANALYZER_NONNULL = YES;
				CLANG_ANALYZER_NUMBER_OBJECT_CONVERSION = YES_AGGRESSIVE;
				CLANG_CXX_LANGUAGE_STANDARD = "gnu++14";
				CLANG_CXX_LIBRARY = "libc++";
				CLANG_ENABLE_MODULES = YES;
				CLANG_ENABLE_OBJC_ARC = YES;
				CLANG_WARN_BLOCK_CAPTURE_AUTORELEASING = YES;
				CLANG_WARN_BOOL_CONVERSION = YES;
				CLANG_WARN_COMMA = YES;
				CLANG_WARN_CONSTANT_CONVERSION = YES;
				CLANG_WARN_DIRECT_OBJC_ISA_USAGE = YES_ERROR;
				CLANG_WARN_DOCUMENTATION_COMMENTS = YES;
				CLANG_WARN_EMPTY_BODY = YES;
				CLANG_WARN_ENUM_CONVERSION = YES;
				CLANG_WARN_INFINITE_RECURSION = YES;
				CLANG_WARN_INT_CONVERSION = YES;
				CLANG_WARN_NON_LITERAL_NULL_CONVERSION = YES;
				CLANG_WARN_OBJC_LITERAL_CONVERSION = YES;
				CLANG_WARN_OBJC_ROOT_CLASS = YES_ERROR;
				CLANG_WARN_RANGE_LOOP_ANALYSIS = YES;
				CLANG_WARN_STRICT_PROTOTYPES = YES;
				CLANG_WARN_SUSPICIOUS_MOVE = YES;
				CLANG_WARN_UNGUARDED_AVAILABILITY = YES_AGGRESSIVE;
				CLANG_WARN_UNREACHABLE_CODE = YES;
				CLANG_WARN__DUPLICATE_METHOD_MATCH = YES;
				CODE_SIGN_IDENTITY = "iPhone Developer";
				COPY_PHASE_STRIP = NO;
				DEBUG_INFORMATION_FORMAT = dwarf;
				ENABLE_STRICT_OBJC_MSGSEND = YES;
				ENABLE_TESTABILITY = YES;
				GCC_C_LANGUAGE_STANDARD = gnu11;
				GCC_DYNAMIC_NO_PIC = NO;
				GCC_NO_COMMON_BLOCKS = YES;
				GCC_OPTIMIZATION_LEVEL = 0;
				GCC_PREPROCESSOR_DEFINITIONS = (
					"DEBUG=1",
					"$(inherited)",
				);
				GCC_WARN_64_TO_32_BIT_CONVERSION = YES;
				GCC_WARN_ABOUT_RETURN_TYPE = YES_ERROR;
				GCC_WARN_UNDECLARED_SELECTOR = YES;
				GCC_WARN_UNINITIALIZED_AUTOS = YES_AGGRESSIVE;
				GCC_WARN_UNUSED_FUNCTION = YES;
				GCC_WARN_UNUSED_VARIABLE = YES;
				IPHONEOS_DEPLOYMENT_TARGET = 11.1;
				MTL_ENABLE_DEBUG_INFO = YES;
				ONLY_ACTIVE_ARCH = YES;
				SDKROOT = iphoneos;
				SWIFT_ACTIVE_COMPILATION_CONDITIONS = DEBUG;
				SWIFT_OPTIMIZATION_LEVEL = "-Onone";
			};
			name = Debug;
		};
		CB20B6B91FD25B7B007E0737 /* Release */ = {
			isa = XCBuildConfiguration;
			buildSettings = {
				ALWAYS_SEARCH_USER_PATHS = NO;
				CLANG_ANALYZER_NONNULL = YES;
				CLANG_ANALYZER_NUMBER_OBJECT_CONVERSION = YES_AGGRESSIVE;
				CLANG_CXX_LANGUAGE_STANDARD = "gnu++14";
				CLANG_CXX_LIBRARY = "libc++";
				CLANG_ENABLE_MODULES = YES;
				CLANG_ENABLE_OBJC_ARC = YES;
				CLANG_WARN_BLOCK_CAPTURE_AUTORELEASING = YES;
				CLANG_WARN_BOOL_CONVERSION = YES;
				CLANG_WARN_COMMA = YES;
				CLANG_WARN_CONSTANT_CONVERSION = YES;
				CLANG_WARN_DIRECT_OBJC_ISA_USAGE = YES_ERROR;
				CLANG_WARN_DOCUMENTATION_COMMENTS = YES;
				CLANG_WARN_EMPTY_BODY = YES;
				CLANG_WARN_ENUM_CONVERSION = YES;
				CLANG_WARN_INFINITE_RECURSION = YES;
				CLANG_WARN_INT_CONVERSION = YES;
				CLANG_WARN_NON_LITERAL_NULL_CONVERSION = YES;
				CLANG_WARN_OBJC_LITERAL_CONVERSION = YES;
				CLANG_WARN_OBJC_ROOT_CLASS = YES_ERROR;
				CLANG_WARN_RANGE_LOOP_ANALYSIS = YES;
				CLANG_WARN_STRICT_PROTOTYPES = YES;
				CLANG_WARN_SUSPICIOUS_MOVE = YES;
				CLANG_WARN_UNGUARDED_AVAILABILITY = YES_AGGRESSIVE;
				CLANG_WARN_UNREACHABLE_CODE = YES;
				CLANG_WARN__DUPLICATE_METHOD_MATCH = YES;
				CODE_SIGN_IDENTITY = "iPhone Developer";
				COPY_PHASE_STRIP = NO;
				DEBUG_INFORMATION_FORMAT = "dwarf-with-dsym";
				ENABLE_NS_ASSERTIONS = NO;
				ENABLE_STRICT_OBJC_MSGSEND = YES;
				GCC_C_LANGUAGE_STANDARD = gnu11;
				GCC_NO_COMMON_BLOCKS = YES;
				GCC_WARN_64_TO_32_BIT_CONVERSION = YES;
				GCC_WARN_ABOUT_RETURN_TYPE = YES_ERROR;
				GCC_WARN_UNDECLARED_SELECTOR = YES;
				GCC_WARN_UNINITIALIZED_AUTOS = YES_AGGRESSIVE;
				GCC_WARN_UNUSED_FUNCTION = YES;
				GCC_WARN_UNUSED_VARIABLE = YES;
				IPHONEOS_DEPLOYMENT_TARGET = 11.1;
				MTL_ENABLE_DEBUG_INFO = NO;
				SDKROOT = iphoneos;
				SWIFT_OPTIMIZATION_LEVEL = "-Owholemodule";
				VALIDATE_PRODUCT = YES;
			};
			name = Release;
		};
		CB20B6BB1FD25B7B007E0737 /* Debug */ = {
			isa = XCBuildConfiguration;
			baseConfigurationReference = 0E6DAA343E562F6F252FA3B2 /* Pods-GitProject.debug.xcconfig */;
			buildSettings = {
				ASSETCATALOG_COMPILER_APPICON_NAME = AppIcon;
				CLANG_ENABLE_MODULES = YES;
				CODE_SIGN_STYLE = Automatic;
				DEVELOPMENT_TEAM = DSX523G48J;
				INFOPLIST_FILE = GitProject/Info.plist;
				LD_RUNPATH_SEARCH_PATHS = "$(inherited) @executable_path/Frameworks";
				PRODUCT_BUNDLE_IDENTIFIER = GitProjectSmack.GitProject.GitProject;
				PRODUCT_NAME = "$(TARGET_NAME)";
				SWIFT_OBJC_BRIDGING_HEADER = "GitProject/Support Files/GitProject-Bridging-Header.h";
				SWIFT_OPTIMIZATION_LEVEL = "-Onone";
				SWIFT_VERSION = 4.0;
				TARGETED_DEVICE_FAMILY = "1,2";
			};
			name = Debug;
		};
		CB20B6BC1FD25B7B007E0737 /* Release */ = {
			isa = XCBuildConfiguration;
			baseConfigurationReference = 8F6C335040FEEF046F47DDB1 /* Pods-GitProject.release.xcconfig */;
			buildSettings = {
				ASSETCATALOG_COMPILER_APPICON_NAME = AppIcon;
				CLANG_ENABLE_MODULES = YES;
				CODE_SIGN_STYLE = Automatic;
				DEVELOPMENT_TEAM = DSX523G48J;
				INFOPLIST_FILE = GitProject/Info.plist;
				LD_RUNPATH_SEARCH_PATHS = "$(inherited) @executable_path/Frameworks";
				PRODUCT_BUNDLE_IDENTIFIER = GitProjectSmack.GitProject.GitProject;
				PRODUCT_NAME = "$(TARGET_NAME)";
				SWIFT_OBJC_BRIDGING_HEADER = "GitProject/Support Files/GitProject-Bridging-Header.h";
				SWIFT_VERSION = 4.0;
				TARGETED_DEVICE_FAMILY = "1,2";
			};
			name = Release;
		};
		CB20B6BE1FD25B7B007E0737 /* Debug */ = {
			isa = XCBuildConfiguration;
			baseConfigurationReference = BB2305B0D87085CD6F4ED170 /* Pods-GitProjectTests.debug.xcconfig */;
			buildSettings = {
				ALWAYS_EMBED_SWIFT_STANDARD_LIBRARIES = YES;
				BUNDLE_LOADER = "$(TEST_HOST)";
				CODE_SIGN_STYLE = Automatic;
				DEVELOPMENT_TEAM = DSX523G48J;
				INFOPLIST_FILE = GitProjectTests/Info.plist;
				LD_RUNPATH_SEARCH_PATHS = "$(inherited) @executable_path/Frameworks @loader_path/Frameworks";
				PRODUCT_BUNDLE_IDENTIFIER = GitProjectSmack.GitProject.GitProjectTests;
				PRODUCT_NAME = "$(TARGET_NAME)";
				SWIFT_VERSION = 4.0;
				TARGETED_DEVICE_FAMILY = "1,2";
				TEST_HOST = "$(BUILT_PRODUCTS_DIR)/GitProject.app/GitProject";
			};
			name = Debug;
		};
		CB20B6BF1FD25B7B007E0737 /* Release */ = {
			isa = XCBuildConfiguration;
			baseConfigurationReference = 483BCB356F14A72B9D49F114 /* Pods-GitProjectTests.release.xcconfig */;
			buildSettings = {
				ALWAYS_EMBED_SWIFT_STANDARD_LIBRARIES = YES;
				BUNDLE_LOADER = "$(TEST_HOST)";
				CODE_SIGN_STYLE = Automatic;
				DEVELOPMENT_TEAM = DSX523G48J;
				INFOPLIST_FILE = GitProjectTests/Info.plist;
				LD_RUNPATH_SEARCH_PATHS = "$(inherited) @executable_path/Frameworks @loader_path/Frameworks";
				PRODUCT_BUNDLE_IDENTIFIER = GitProjectSmack.GitProject.GitProjectTests;
				PRODUCT_NAME = "$(TARGET_NAME)";
				SWIFT_VERSION = 4.0;
				TARGETED_DEVICE_FAMILY = "1,2";
				TEST_HOST = "$(BUILT_PRODUCTS_DIR)/GitProject.app/GitProject";
			};
			name = Release;
		};
		CB20B6C11FD25B7B007E0737 /* Debug */ = {
			isa = XCBuildConfiguration;
			baseConfigurationReference = 981199D62EA99D70B0DCC2DD /* Pods-GitProjectUITests.debug.xcconfig */;
			buildSettings = {
				ALWAYS_EMBED_SWIFT_STANDARD_LIBRARIES = YES;
				CODE_SIGN_STYLE = Automatic;
				DEVELOPMENT_TEAM = DSX523G48J;
				INFOPLIST_FILE = GitProjectUITests/Info.plist;
				LD_RUNPATH_SEARCH_PATHS = "$(inherited) @executable_path/Frameworks @loader_path/Frameworks";
				PRODUCT_BUNDLE_IDENTIFIER = GitProjectSmack.GitProject.GitProjectUITests;
				PRODUCT_NAME = "$(TARGET_NAME)";
				SWIFT_VERSION = 4.0;
				TARGETED_DEVICE_FAMILY = "1,2";
				TEST_TARGET_NAME = GitProject;
			};
			name = Debug;
		};
		CB20B6C21FD25B7B007E0737 /* Release */ = {
			isa = XCBuildConfiguration;
			baseConfigurationReference = 3C33F2FF35E79D32C6977771 /* Pods-GitProjectUITests.release.xcconfig */;
			buildSettings = {
				ALWAYS_EMBED_SWIFT_STANDARD_LIBRARIES = YES;
				CODE_SIGN_STYLE = Automatic;
				DEVELOPMENT_TEAM = DSX523G48J;
				INFOPLIST_FILE = GitProjectUITests/Info.plist;
				LD_RUNPATH_SEARCH_PATHS = "$(inherited) @executable_path/Frameworks @loader_path/Frameworks";
				PRODUCT_BUNDLE_IDENTIFIER = GitProjectSmack.GitProject.GitProjectUITests;
				PRODUCT_NAME = "$(TARGET_NAME)";
				SWIFT_VERSION = 4.0;
				TARGETED_DEVICE_FAMILY = "1,2";
				TEST_TARGET_NAME = GitProject;
			};
			name = Release;
		};
/* End XCBuildConfiguration section */

/* Begin XCConfigurationList section */
		CB20B68D1FD25B7A007E0737 /* Build configuration list for PBXProject "GitProject" */ = {
			isa = XCConfigurationList;
			buildConfigurations = (
				CB20B6B81FD25B7B007E0737 /* Debug */,
				CB20B6B91FD25B7B007E0737 /* Release */,
			);
			defaultConfigurationIsVisible = 0;
			defaultConfigurationName = Release;
		};
		CB20B6BA1FD25B7B007E0737 /* Build configuration list for PBXNativeTarget "GitProject" */ = {
			isa = XCConfigurationList;
			buildConfigurations = (
				CB20B6BB1FD25B7B007E0737 /* Debug */,
				CB20B6BC1FD25B7B007E0737 /* Release */,
			);
			defaultConfigurationIsVisible = 0;
			defaultConfigurationName = Release;
		};
		CB20B6BD1FD25B7B007E0737 /* Build configuration list for PBXNativeTarget "GitProjectTests" */ = {
			isa = XCConfigurationList;
			buildConfigurations = (
				CB20B6BE1FD25B7B007E0737 /* Debug */,
				CB20B6BF1FD25B7B007E0737 /* Release */,
			);
			defaultConfigurationIsVisible = 0;
			defaultConfigurationName = Release;
		};
		CB20B6C01FD25B7B007E0737 /* Build configuration list for PBXNativeTarget "GitProjectUITests" */ = {
			isa = XCConfigurationList;
			buildConfigurations = (
				CB20B6C11FD25B7B007E0737 /* Debug */,
				CB20B6C21FD25B7B007E0737 /* Release */,
			);
			defaultConfigurationIsVisible = 0;
			defaultConfigurationName = Release;
		};
/* End XCConfigurationList section */
	};
	rootObject = CB20B68A1FD25B7A007E0737 /* Project object */;
}
